<Solution>
  <Project Path="BookCatalog.Api/BookCatalog.Api.csproj" />
  <Project Path="BookCatalog.Application/BookCatalog.Application.csproj" />
  <Project Path="BookCatalog.Domain/BookCatalog.Domain.csproj" />
  <Project Path="BookCatalog.Infrastructure/BookCatalog.Infrastructure.csproj" Id="982bec3c-77ed-4877-aee9-e75234e31a34" />
  <Project Path="BookCatalog.Tests/BookCatalog.Tests.csproj" />
</Solution>
